// !$*UTF8*$!
{
	archiveVersion = 1;
	classes = {
	};
	objectVersion = 46;
	objects = {

/* Begin PBXBuildFile section */
		377931161E411C1E00AF8826 /* DataModel.swift in Sources */ = {isa = PBXBuildFile; fileRef = 377931151E411C1E00AF8826 /* DataModel.swift */; };
		377931181E41263E00AF8826 /* 3f9fd2eeea7e6464627135c7554403d3.jpg in Resources */ = {isa = PBXBuildFile; fileRef = 377931171E41263E00AF8826 /* 3f9fd2eeea7e6464627135c7554403d3.jpg */; };
		3779311A1E41270D00AF8826 /* d7c6904b68285dce2c0d033f8ca38f27.jpg in Resources */ = {isa = PBXBuildFile; fileRef = 377931191E41270D00AF8826 /* d7c6904b68285dce2c0d033f8ca38f27.jpg */; };
		3779311F1E41271D00AF8826 /* Feed-the-Hungry.jpg in Resources */ = {isa = PBXBuildFile; fileRef = 3779311B1E41271D00AF8826 /* Feed-the-Hungry.jpg */; };
		377931201E41271D00AF8826 /* god-giving-health.jpg in Resources */ = {isa = PBXBuildFile; fileRef = 3779311C1E41271D00AF8826 /* god-giving-health.jpg */; };
		377931211E41271D00AF8826 /* 11157180-Giving-food-with-love-concept-slice-of-bread-in-child-hands-isolated-Stock-Photo.jpg in Resources */ = {isa = PBXBuildFile; fileRef = 3779311D1E41271D00AF8826 /* 11157180-Giving-food-with-love-concept-slice-of-bread-in-child-hands-isolated-Stock-Photo.jpg */; };
		377931221E41271D00AF8826 /* Spirit-of-Giving.jpg in Resources */ = {isa = PBXBuildFile; fileRef = 3779311E1E41271D00AF8826 /* Spirit-of-Giving.jpg */; };
		377931241E413B2800AF8826 /* VendorSignupViewController.swift in Sources */ = {isa = PBXBuildFile; fileRef = 377931231E413B2800AF8826 /* VendorSignupViewController.swift */; };
		377931271E4147F000AF8826 /* GoogleService-Info.plist in Resources */ = {isa = PBXBuildFile; fileRef = 377931261E4147F000AF8826 /* GoogleService-Info.plist */; };
		377931291E41490B00AF8826 /* VendorHomeViewController.swift in Sources */ = {isa = PBXBuildFile; fileRef = 377931281E41490B00AF8826 /* VendorHomeViewController.swift */; };
		3779312B1E4152C200AF8826 /* VendorLoginViewController.swift in Sources */ = {isa = PBXBuildFile; fileRef = 3779312A1E4152C200AF8826 /* VendorLoginViewController.swift */; };
		3779312D1E415EC700AF8826 /* VendorHomeTableViewCell.swift in Sources */ = {isa = PBXBuildFile; fileRef = 3779312C1E415EC700AF8826 /* VendorHomeTableViewCell.swift */; };
		3779312F1E43CBD800AF8826 /* VendorPostViewController.swift in Sources */ = {isa = PBXBuildFile; fileRef = 3779312E1E43CBD700AF8826 /* VendorPostViewController.swift */; };
		377931311E43DBE200AF8826 /* VendorPostSuccessfulViewController.swift in Sources */ = {isa = PBXBuildFile; fileRef = 377931301E43DBE200AF8826 /* VendorPostSuccessfulViewController.swift */; };
		377931341E4411CE00AF8826 /* DateExtension.swift in Sources */ = {isa = PBXBuildFile; fileRef = 377931331E4411CE00AF8826 /* DateExtension.swift */; };
		377931361E44CD8700AF8826 /* CoreLocation.framework in Frameworks */ = {isa = PBXBuildFile; fileRef = 377931351E44CD8700AF8826 /* CoreLocation.framework */; };
		377931381E44CE1300AF8826 /* ConsumerMapViewController.swift in Sources */ = {isa = PBXBuildFile; fileRef = 377931371E44CE1300AF8826 /* ConsumerMapViewController.swift */; };
		3779313A1E44D80700AF8826 /* LocationManagerModel.swift in Sources */ = {isa = PBXBuildFile; fileRef = 377931391E44D80700AF8826 /* LocationManagerModel.swift */; };
		37AA18201E3FEB7500042656 /* AppDelegate.swift in Sources */ = {isa = PBXBuildFile; fileRef = 37AA181F1E3FEB7500042656 /* AppDelegate.swift */; };
		37AA18221E3FEB7500042656 /* ViewController.swift in Sources */ = {isa = PBXBuildFile; fileRef = 37AA18211E3FEB7500042656 /* ViewController.swift */; };
		37AA18251E3FEB7500042656 /* Main.storyboard in Resources */ = {isa = PBXBuildFile; fileRef = 37AA18231E3FEB7500042656 /* Main.storyboard */; };
		37AA18271E3FEB7500042656 /* Assets.xcassets in Resources */ = {isa = PBXBuildFile; fileRef = 37AA18261E3FEB7500042656 /* Assets.xcassets */; };
		37AA182A1E3FEB7500042656 /* LaunchScreen.storyboard in Resources */ = {isa = PBXBuildFile; fileRef = 37AA18281E3FEB7500042656 /* LaunchScreen.storyboard */; };
		37EACEB21E49153000EBC806 /* ConsumerViewController.swift in Sources */ = {isa = PBXBuildFile; fileRef = 37EACEB11E49153000EBC806 /* ConsumerViewController.swift */; };
		37FB8C731E4119FA004F6D69 /* FirebaseModel.swift in Sources */ = {isa = PBXBuildFile; fileRef = 37FB8C721E4119FA004F6D69 /* FirebaseModel.swift */; };
		A2391E7DA4F26DB4DAF9A1A8 /* Pods_Project_4.framework in Frameworks */ = {isa = PBXBuildFile; fileRef = CB9C0D1AC67EAE0CE50F2FCC /* Pods_Project_4.framework */; };
/* End PBXBuildFile section */

/* Begin PBXFileReference section */
		377931151E411C1E00AF8826 /* DataModel.swift */ = {isa = PBXFileReference; fileEncoding = 4; lastKnownFileType = sourcecode.swift; path = DataModel.swift; sourceTree = "<group>"; };
		377931171E41263E00AF8826 /* 3f9fd2eeea7e6464627135c7554403d3.jpg */ = {isa = PBXFileReference; lastKnownFileType = image.jpeg; path = 3f9fd2eeea7e6464627135c7554403d3.jpg; sourceTree = "<group>"; };
		377931191E41270D00AF8826 /* d7c6904b68285dce2c0d033f8ca38f27.jpg */ = {isa = PBXFileReference; lastKnownFileType = image.jpeg; path = d7c6904b68285dce2c0d033f8ca38f27.jpg; sourceTree = "<group>"; };
		3779311B1E41271D00AF8826 /* Feed-the-Hungry.jpg */ = {isa = PBXFileReference; lastKnownFileType = image.jpeg; path = "Feed-the-Hungry.jpg"; sourceTree = "<group>"; };
		3779311C1E41271D00AF8826 /* god-giving-health.jpg */ = {isa = PBXFileReference; lastKnownFileType = image.jpeg; path = "god-giving-health.jpg"; sourceTree = "<group>"; };
		3779311D1E41271D00AF8826 /* 11157180-Giving-food-with-love-concept-slice-of-bread-in-child-hands-isolated-Stock-Photo.jpg */ = {isa = PBXFileReference; lastKnownFileType = image.jpeg; path = "11157180-Giving-food-with-love-concept-slice-of-bread-in-child-hands-isolated-Stock-Photo.jpg"; sourceTree = "<group>"; };
		3779311E1E41271D00AF8826 /* Spirit-of-Giving.jpg */ = {isa = PBXFileReference; lastKnownFileType = image.jpeg; path = "Spirit-of-Giving.jpg"; sourceTree = "<group>"; };
		377931231E413B2800AF8826 /* VendorSignupViewController.swift */ = {isa = PBXFileReference; fileEncoding = 4; lastKnownFileType = sourcecode.swift; path = VendorSignupViewController.swift; sourceTree = "<group>"; };
		377931261E4147F000AF8826 /* GoogleService-Info.plist */ = {isa = PBXFileReference; fileEncoding = 4; lastKnownFileType = text.plist.xml; path = "GoogleService-Info.plist"; sourceTree = "<group>"; };
		377931281E41490B00AF8826 /* VendorHomeViewController.swift */ = {isa = PBXFileReference; fileEncoding = 4; lastKnownFileType = sourcecode.swift; path = VendorHomeViewController.swift; sourceTree = "<group>"; };
		3779312A1E4152C200AF8826 /* VendorLoginViewController.swift */ = {isa = PBXFileReference; fileEncoding = 4; lastKnownFileType = sourcecode.swift; path = VendorLoginViewController.swift; sourceTree = "<group>"; };
		3779312C1E415EC700AF8826 /* VendorHomeTableViewCell.swift */ = {isa = PBXFileReference; fileEncoding = 4; lastKnownFileType = sourcecode.swift; path = VendorHomeTableViewCell.swift; sourceTree = "<group>"; };
		3779312E1E43CBD700AF8826 /* VendorPostViewController.swift */ = {isa = PBXFileReference; fileEncoding = 4; lastKnownFileType = sourcecode.swift; path = VendorPostViewController.swift; sourceTree = "<group>"; };
		377931301E43DBE200AF8826 /* VendorPostSuccessfulViewController.swift */ = {isa = PBXFileReference; fileEncoding = 4; lastKnownFileType = sourcecode.swift; path = VendorPostSuccessfulViewController.swift; sourceTree = "<group>"; };
		377931331E4411CE00AF8826 /* DateExtension.swift */ = {isa = PBXFileReference; fileEncoding = 4; lastKnownFileType = sourcecode.swift; path = DateExtension.swift; sourceTree = "<group>"; };
		377931351E44CD8700AF8826 /* CoreLocation.framework */ = {isa = PBXFileReference; lastKnownFileType = wrapper.framework; name = CoreLocation.framework; path = System/Library/Frameworks/CoreLocation.framework; sourceTree = SDKROOT; };
		377931371E44CE1300AF8826 /* ConsumerMapViewController.swift */ = {isa = PBXFileReference; fileEncoding = 4; lastKnownFileType = sourcecode.swift; path = ConsumerMapViewController.swift; sourceTree = "<group>"; };
		377931391E44D80700AF8826 /* LocationManagerModel.swift */ = {isa = PBXFileReference; fileEncoding = 4; lastKnownFileType = sourcecode.swift; path = LocationManagerModel.swift; sourceTree = "<group>"; };
		37AA181C1E3FEB7500042656 /* Project 4.app */ = {isa = PBXFileReference; explicitFileType = wrapper.application; includeInIndex = 0; path = "Project 4.app"; sourceTree = BUILT_PRODUCTS_DIR; };
		37AA181F1E3FEB7500042656 /* AppDelegate.swift */ = {isa = PBXFileReference; lastKnownFileType = sourcecode.swift; path = AppDelegate.swift; sourceTree = "<group>"; };
		37AA18211E3FEB7500042656 /* ViewController.swift */ = {isa = PBXFileReference; lastKnownFileType = sourcecode.swift; path = ViewController.swift; sourceTree = "<group>"; };
		37AA18241E3FEB7500042656 /* Base */ = {isa = PBXFileReference; lastKnownFileType = file.storyboard; name = Base; path = Base.lproj/Main.storyboard; sourceTree = "<group>"; };
		37AA18261E3FEB7500042656 /* Assets.xcassets */ = {isa = PBXFileReference; lastKnownFileType = folder.assetcatalog; path = Assets.xcassets; sourceTree = "<group>"; };
		37AA18291E3FEB7500042656 /* Base */ = {isa = PBXFileReference; lastKnownFileType = file.storyboard; name = Base; path = Base.lproj/LaunchScreen.storyboard; sourceTree = "<group>"; };
		37AA182B1E3FEB7500042656 /* Info.plist */ = {isa = PBXFileReference; lastKnownFileType = text.plist.xml; path = Info.plist; sourceTree = "<group>"; };
		37EACEB11E49153000EBC806 /* ConsumerViewController.swift */ = {isa = PBXFileReference; fileEncoding = 4; lastKnownFileType = sourcecode.swift; path = ConsumerViewController.swift; sourceTree = "<group>"; };
		37FB8C721E4119FA004F6D69 /* FirebaseModel.swift */ = {isa = PBXFileReference; fileEncoding = 4; lastKnownFileType = sourcecode.swift; path = FirebaseModel.swift; sourceTree = "<group>"; };
		CB9C0D1AC67EAE0CE50F2FCC /* Pods_Project_4.framework */ = {isa = PBXFileReference; explicitFileType = wrapper.framework; includeInIndex = 0; path = Pods_Project_4.framework; sourceTree = BUILT_PRODUCTS_DIR; };
		DF8F46B3608E57B1F972677D /* Pods-Project 4.debug.xcconfig */ = {isa = PBXFileReference; includeInIndex = 1; lastKnownFileType = text.xcconfig; name = "Pods-Project 4.debug.xcconfig"; path = "Pods/Target Support Files/Pods-Project 4/Pods-Project 4.debug.xcconfig"; sourceTree = "<group>"; };
		E3C3E6F6571F318CDB682CF5 /* Pods-Project 4.release.xcconfig */ = {isa = PBXFileReference; includeInIndex = 1; lastKnownFileType = text.xcconfig; name = "Pods-Project 4.release.xcconfig"; path = "Pods/Target Support Files/Pods-Project 4/Pods-Project 4.release.xcconfig"; sourceTree = "<group>"; };
/* End PBXFileReference section */

/* Begin PBXFrameworksBuildPhase section */
		37AA18191E3FEB7500042656 /* Frameworks */ = {
			isa = PBXFrameworksBuildPhase;
			buildActionMask = 2147483647;
			files = (
				377931361E44CD8700AF8826 /* CoreLocation.framework in Frameworks */,
				A2391E7DA4F26DB4DAF9A1A8 /* Pods_Project_4.framework in Frameworks */,
			);
			runOnlyForDeploymentPostprocessing = 0;
		};
/* End PBXFrameworksBuildPhase section */

/* Begin PBXGroup section */
		377931251E413B2C00AF8826 /* Vendor */ = {
			isa = PBXGroup;
			children = (
				377931231E413B2800AF8826 /* VendorSignupViewController.swift */,
				3779312A1E4152C200AF8826 /* VendorLoginViewController.swift */,
				377931281E41490B00AF8826 /* VendorHomeViewController.swift */,
				3779312C1E415EC700AF8826 /* VendorHomeTableViewCell.swift */,
				3779312E1E43CBD700AF8826 /* VendorPostViewController.swift */,
				377931301E43DBE200AF8826 /* VendorPostSuccessfulViewController.swift */,
			);
			name = Vendor;
			sourceTree = "<group>";
		};
		37AA18131E3FEB7500042656 = {
			isa = PBXGroup;
			children = (
				37AA181E1E3FEB7500042656 /* Project 4 */,
				37AA181D1E3FEB7500042656 /* Products */,
				FE1C6D4409CEA90E4E4CC079 /* Pods */,
				5D33FA3A1E365CBB2AC2F131 /* Frameworks */,
			);
			sourceTree = "<group>";
		};
		37AA181D1E3FEB7500042656 /* Products */ = {
			isa = PBXGroup;
			children = (
				37AA181C1E3FEB7500042656 /* Project 4.app */,
			);
			name = Products;
			sourceTree = "<group>";
		};
		37AA181E1E3FEB7500042656 /* Project 4 */ = {
			isa = PBXGroup;
			children = (
				377931251E413B2C00AF8826 /* Vendor */,
				377931371E44CE1300AF8826 /* ConsumerMapViewController.swift */,
				377931391E44D80700AF8826 /* LocationManagerModel.swift */,
				37AA181F1E3FEB7500042656 /* AppDelegate.swift */,
				37AA18211E3FEB7500042656 /* ViewController.swift */,
				37AA18231E3FEB7500042656 /* Main.storyboard */,
				37AA18261E3FEB7500042656 /* Assets.xcassets */,
				377931171E41263E00AF8826 /* 3f9fd2eeea7e6464627135c7554403d3.jpg */,
				377931191E41270D00AF8826 /* d7c6904b68285dce2c0d033f8ca38f27.jpg */,
				3779311B1E41271D00AF8826 /* Feed-the-Hungry.jpg */,
				3779311C1E41271D00AF8826 /* god-giving-health.jpg */,
				3779311D1E41271D00AF8826 /* 11157180-Giving-food-with-love-concept-slice-of-bread-in-child-hands-isolated-Stock-Photo.jpg */,
				3779311E1E41271D00AF8826 /* Spirit-of-Giving.jpg */,
				37AA18281E3FEB7500042656 /* LaunchScreen.storyboard */,
				37AA182B1E3FEB7500042656 /* Info.plist */,
				37FB8C721E4119FA004F6D69 /* FirebaseModel.swift */,
				377931151E411C1E00AF8826 /* DataModel.swift */,
				377931261E4147F000AF8826 /* GoogleService-Info.plist */,
				377931331E4411CE00AF8826 /* DateExtension.swift */,
				37EACEB11E49153000EBC806 /* ConsumerViewController.swift */,
			);
			path = "Project 4";
			sourceTree = "<group>";
		};
		5D33FA3A1E365CBB2AC2F131 /* Frameworks */ = {
			isa = PBXGroup;
			children = (
				377931351E44CD8700AF8826 /* CoreLocation.framework */,
				CB9C0D1AC67EAE0CE50F2FCC /* Pods_Project_4.framework */,
			);
			name = Frameworks;
			sourceTree = "<group>";
		};
		FE1C6D4409CEA90E4E4CC079 /* Pods */ = {
			isa = PBXGroup;
			children = (
				DF8F46B3608E57B1F972677D /* Pods-Project 4.debug.xcconfig */,
				E3C3E6F6571F318CDB682CF5 /* Pods-Project 4.release.xcconfig */,
			);
			name = Pods;
			sourceTree = "<group>";
		};
/* End PBXGroup section */

/* Begin PBXNativeTarget section */
		37AA181B1E3FEB7500042656 /* Project 4 */ = {
			isa = PBXNativeTarget;
			buildConfigurationList = 37AA182E1E3FEB7500042656 /* Build configuration list for PBXNativeTarget "Project 4" */;
			buildPhases = (
				99CF7519CA134E74404D7752 /* [CP] Check Pods Manifest.lock */,
				37AA18181E3FEB7500042656 /* Sources */,
				37AA18191E3FEB7500042656 /* Frameworks */,
				37AA181A1E3FEB7500042656 /* Resources */,
				DD08FF4F60AED203D7F1059C /* [CP] Embed Pods Frameworks */,
				DA2CD1457622C4AD813C84BA /* [CP] Copy Pods Resources */,
			);
			buildRules = (
			);
			dependencies = (
			);
			name = "Project 4";
			productName = "Project 4";
			productReference = 37AA181C1E3FEB7500042656 /* Project 4.app */;
			productType = "com.apple.product-type.application";
		};
/* End PBXNativeTarget section */

/* Begin PBXProject section */
		37AA18141E3FEB7500042656 /* Project object */ = {
			isa = PBXProject;
			attributes = {
				LastSwiftUpdateCheck = 0820;
				LastUpgradeCheck = 0820;
				ORGANIZATIONNAME = GA;
				TargetAttributes = {
					37AA181B1E3FEB7500042656 = {
						CreatedOnToolsVersion = 8.2.1;
						DevelopmentTeam = DZ528PGQF5;
						ProvisioningStyle = Automatic;
					};
				};
			};
			buildConfigurationList = 37AA18171E3FEB7500042656 /* Build configuration list for PBXProject "Project 4" */;
			compatibilityVersion = "Xcode 3.2";
			developmentRegion = English;
			hasScannedForEncodings = 0;
			knownRegions = (
				en,
				Base,
			);
			mainGroup = 37AA18131E3FEB7500042656;
			productRefGroup = 37AA181D1E3FEB7500042656 /* Products */;
			projectDirPath = "";
			projectRoot = "";
			targets = (
				37AA181B1E3FEB7500042656 /* Project 4 */,
			);
		};
/* End PBXProject section */

/* Begin PBXResourcesBuildPhase section */
		37AA181A1E3FEB7500042656 /* Resources */ = {
			isa = PBXResourcesBuildPhase;
			buildActionMask = 2147483647;
			files = (
				37AA182A1E3FEB7500042656 /* LaunchScreen.storyboard in Resources */,
				377931211E41271D00AF8826 /* 11157180-Giving-food-with-love-concept-slice-of-bread-in-child-hands-isolated-Stock-Photo.jpg in Resources */,
				377931271E4147F000AF8826 /* GoogleService-Info.plist in Resources */,
				3779311F1E41271D00AF8826 /* Feed-the-Hungry.jpg in Resources */,
				377931201E41271D00AF8826 /* god-giving-health.jpg in Resources */,
				377931181E41263E00AF8826 /* 3f9fd2eeea7e6464627135c7554403d3.jpg in Resources */,
				3779311A1E41270D00AF8826 /* d7c6904b68285dce2c0d033f8ca38f27.jpg in Resources */,
				37AA18271E3FEB7500042656 /* Assets.xcassets in Resources */,
				37AA18251E3FEB7500042656 /* Main.storyboard in Resources */,
				377931221E41271D00AF8826 /* Spirit-of-Giving.jpg in Resources */,
			);
			runOnlyForDeploymentPostprocessing = 0;
		};
/* End PBXResourcesBuildPhase section */

/* Begin PBXShellScriptBuildPhase section */
		99CF7519CA134E74404D7752 /* [CP] Check Pods Manifest.lock */ = {
			isa = PBXShellScriptBuildPhase;
			buildActionMask = 2147483647;
			files = (
			);
			inputPaths = (
			);
			name = "[CP] Check Pods Manifest.lock";
			outputPaths = (
			);
			runOnlyForDeploymentPostprocessing = 0;
			shellPath = /bin/sh;
			shellScript = "diff \"${PODS_ROOT}/../Podfile.lock\" \"${PODS_ROOT}/Manifest.lock\" > /dev/null\nif [ $? != 0 ] ; then\n    # print error to STDERR\n    echo \"error: The sandbox is not in sync with the Podfile.lock. Run 'pod install' or update your CocoaPods installation.\" >&2\n    exit 1\nfi\n";
			showEnvVarsInLog = 0;
		};
		DA2CD1457622C4AD813C84BA /* [CP] Copy Pods Resources */ = {
			isa = PBXShellScriptBuildPhase;
			buildActionMask = 2147483647;
			files = (
			);
			inputPaths = (
			);
			name = "[CP] Copy Pods Resources";
			outputPaths = (
			);
			runOnlyForDeploymentPostprocessing = 0;
			shellPath = /bin/sh;
			shellScript = "\"${SRCROOT}/Pods/Target Support Files/Pods-Project 4/Pods-Project 4-resources.sh\"\n";
			showEnvVarsInLog = 0;
		};
		DD08FF4F60AED203D7F1059C /* [CP] Embed Pods Frameworks */ = {
			isa = PBXShellScriptBuildPhase;
			buildActionMask = 2147483647;
			files = (
			);
			inputPaths = (
			);
			name = "[CP] Embed Pods Frameworks";
			outputPaths = (
			);
			runOnlyForDeploymentPostprocessing = 0;
			shellPath = /bin/sh;
			shellScript = "\"${SRCROOT}/Pods/Target Support Files/Pods-Project 4/Pods-Project 4-frameworks.sh\"\n";
			showEnvVarsInLog = 0;
		};
/* End PBXShellScriptBuildPhase section */

/* Begin PBXSourcesBuildPhase section */
		37AA18181E3FEB7500042656 /* Sources */ = {
			isa = PBXSourcesBuildPhase;
			buildActionMask = 2147483647;
			files = (
				37FB8C731E4119FA004F6D69 /* FirebaseModel.swift in Sources */,
				377931161E411C1E00AF8826 /* DataModel.swift in Sources */,
				377931311E43DBE200AF8826 /* VendorPostSuccessfulViewController.swift in Sources */,
				377931381E44CE1300AF8826 /* ConsumerMapViewController.swift in Sources */,
				3779312D1E415EC700AF8826 /* VendorHomeTableViewCell.swift in Sources */,
				3779312B1E4152C200AF8826 /* VendorLoginViewController.swift in Sources */,
				3779313A1E44D80700AF8826 /* LocationManagerModel.swift in Sources */,
				37AA18221E3FEB7500042656 /* ViewController.swift in Sources */,
				377931291E41490B00AF8826 /* VendorHomeViewController.swift in Sources */,
				37AA18201E3FEB7500042656 /* AppDelegate.swift in Sources */,
				37EACEB21E49153000EBC806 /* ConsumerViewController.swift in Sources */,
				3779312F1E43CBD800AF8826 /* VendorPostViewController.swift in Sources */,
				377931341E4411CE00AF8826 /* DateExtension.swift in Sources */,
				377931241E413B2800AF8826 /* VendorSignupViewController.swift in Sources */,
			);
			runOnlyForDeploymentPostprocessing = 0;
		};
/* End PBXSourcesBuildPhase section */

/* Begin PBXVariantGroup section */
		37AA18231E3FEB7500042656 /* Main.storyboard */ = {
			isa = PBXVariantGroup;
			children = (
				37AA18241E3FEB7500042656 /* Base */,
			);
			name = Main.storyboard;
			sourceTree = "<group>";
		};
		37AA18281E3FEB7500042656 /* LaunchScreen.storyboard */ = {
			isa = PBXVariantGroup;
			children = (
				37AA18291E3FEB7500042656 /* Base */,
			);
			name = LaunchScreen.storyboard;
			sourceTree = "<group>";
		};
/* End PBXVariantGroup section */

/* Begin XCBuildConfiguration section */
		37AA182C1E3FEB7500042656 /* Debug */ = {
			isa = XCBuildConfiguration;
			buildSettings = {
				ALWAYS_SEARCH_USER_PATHS = NO;
				CLANG_ANALYZER_NONNULL = YES;
				CLANG_CXX_LANGUAGE_STANDARD = "gnu++0x";
				CLANG_CXX_LIBRARY = "libc++";
				CLANG_ENABLE_MODULES = YES;
				CLANG_ENABLE_OBJC_ARC = YES;
				CLANG_WARN_BOOL_CONVERSION = YES;
				CLANG_WARN_CONSTANT_CONVERSION = YES;
				CLANG_WARN_DIRECT_OBJC_ISA_USAGE = YES_ERROR;
				CLANG_WARN_DOCUMENTATION_COMMENTS = YES;
				CLANG_WARN_EMPTY_BODY = YES;
				CLANG_WARN_ENUM_CONVERSION = YES;
				CLANG_WARN_INFINITE_RECURSION = YES;
				CLANG_WARN_INT_CONVERSION = YES;
				CLANG_WARN_OBJC_ROOT_CLASS = YES_ERROR;
				CLANG_WARN_SUSPICIOUS_MOVE = YES;
				CLANG_WARN_UNREACHABLE_CODE = YES;
				CLANG_WARN__DUPLICATE_METHOD_MATCH = YES;
				"CODE_SIGN_IDENTITY[sdk=iphoneos*]" = "iPhone Developer";
				COPY_PHASE_STRIP = NO;
				DEBUG_INFORMATION_FORMAT = dwarf;
				ENABLE_STRICT_OBJC_MSGSEND = YES;
				ENABLE_TESTABILITY = YES;
				GCC_C_LANGUAGE_STANDARD = gnu99;
				GCC_DYNAMIC_NO_PIC = NO;
				GCC_NO_COMMON_BLOCKS = YES;
				GCC_OPTIMIZATION_LEVEL = 0;
				GCC_PREPROCESSOR_DEFINITIONS = (
					"DEBUG=1",
					"$(inherited)",
				);
				GCC_WARN_64_TO_32_BIT_CONVERSION = YES;
				GCC_WARN_ABOUT_RETURN_TYPE = YES_ERROR;
				GCC_WARN_UNDECLARED_SELECTOR = YES;
				GCC_WARN_UNINITIALIZED_AUTOS = YES_AGGRESSIVE;
				GCC_WARN_UNUSED_FUNCTION = YES;
				GCC_WARN_UNUSED_VARIABLE = YES;
				IPHONEOS_DEPLOYMENT_TARGET = 10.2;
				MTL_ENABLE_DEBUG_INFO = YES;
				ONLY_ACTIVE_ARCH = YES;
				SDKROOT = iphoneos;
				SWIFT_ACTIVE_COMPILATION_CONDITIONS = DEBUG;
				SWIFT_OPTIMIZATION_LEVEL = "-Onone";
				TARGETED_DEVICE_FAMILY = "1,2";
			};
			name = Debug;
		};
		37AA182D1E3FEB7500042656 /* Release */ = {
			isa = XCBuildConfiguration;
			buildSettings = {
				ALWAYS_SEARCH_USER_PATHS = NO;
				CLANG_ANALYZER_NONNULL = YES;
				CLANG_CXX_LANGUAGE_STANDARD = "gnu++0x";
				CLANG_CXX_LIBRARY = "libc++";
				CLANG_ENABLE_MODULES = YES;
				CLANG_ENABLE_OBJC_ARC = YES;
				CLANG_WARN_BOOL_CONVERSION = YES;
				CLANG_WARN_CONSTANT_CONVERSION = YES;
				CLANG_WARN_DIRECT_OBJC_ISA_USAGE = YES_ERROR;
				CLANG_WARN_DOCUMENTATION_COMMENTS = YES;
				CLANG_WARN_EMPTY_BODY = YES;
				CLANG_WARN_ENUM_CONVERSION = YES;
				CLANG_WARN_INFINITE_RECURSION = YES;
				CLANG_WARN_INT_CONVERSION = YES;
				CLANG_WARN_OBJC_ROOT_CLASS = YES_ERROR;
				CLANG_WARN_SUSPICIOUS_MOVE = YES;
				CLANG_WARN_UNREACHABLE_CODE = YES;
				CLANG_WARN__DUPLICATE_METHOD_MATCH = YES;
				"CODE_SIGN_IDENTITY[sdk=iphoneos*]" = "iPhone Developer";
				COPY_PHASE_STRIP = NO;
				DEBUG_INFORMATION_FORMAT = "dwarf-with-dsym";
				ENABLE_NS_ASSERTIONS = NO;
				ENABLE_STRICT_OBJC_MSGSEND = YES;
				GCC_C_LANGUAGE_STANDARD = gnu99;
				GCC_NO_COMMON_BLOCKS = YES;
				GCC_WARN_64_TO_32_BIT_CONVERSION = YES;
				GCC_WARN_ABOUT_RETURN_TYPE = YES_ERROR;
				GCC_WARN_UNDECLARED_SELECTOR = YES;
				GCC_WARN_UNINITIALIZED_AUTOS = YES_AGGRESSIVE;
				GCC_WARN_UNUSED_FUNCTION = YES;
				GCC_WARN_UNUSED_VARIABLE = YES;
				IPHONEOS_DEPLOYMENT_TARGET = 10.2;
				MTL_ENABLE_DEBUG_INFO = NO;
				SDKROOT = iphoneos;
				SWIFT_OPTIMIZATION_LEVEL = "-Owholemodule";
				TARGETED_DEVICE_FAMILY = "1,2";
				VALIDATE_PRODUCT = YES;
			};
			name = Release;
		};
		37AA182F1E3FEB7500042656 /* Debug */ = {
			isa = XCBuildConfiguration;
			baseConfigurationReference = DF8F46B3608E57B1F972677D /* Pods-Project 4.debug.xcconfig */;
			buildSettings = {
				ASSETCATALOG_COMPILER_APPICON_NAME = AppIcon;
				DEVELOPMENT_TEAM = DZ528PGQF5;
				INFOPLIST_FILE = "Project 4/Info.plist";
				LD_RUNPATH_SEARCH_PATHS = "$(inherited) @executable_path/Frameworks";
				PRODUCT_BUNDLE_IDENTIFIER = "com.danhefter.Project-4";
				PRODUCT_NAME = "$(TARGET_NAME)";
				SWIFT_VERSION = 3.0;
			};
			name = Debug;
		};
		37AA18301E3FEB7500042656 /* Release */ = {
			isa = XCBuildConfiguration;
			baseConfigurationReference = E3C3E6F6571F318CDB682CF5 /* Pods-Project 4.release.xcconfig */;
			buildSettings = {
				ASSETCATALOG_COMPILER_APPICON_NAME = AppIcon;
				DEVELOPMENT_TEAM = DZ528PGQF5;
				INFOPLIST_FILE = "Project 4/Info.plist";
				LD_RUNPATH_SEARCH_PATHS = "$(inherited) @executable_path/Frameworks";
				PRODUCT_BUNDLE_IDENTIFIER = "com.danhefter.Project-4";
				PRODUCT_NAME = "$(TARGET_NAME)";
				SWIFT_VERSION = 3.0;
			};
			name = Release;
		};
/* End XCBuildConfiguration section */

/* Begin XCConfigurationList section */
		37AA18171E3FEB7500042656 /* Build configuration list for PBXProject "Project 4" */ = {
			isa = XCConfigurationList;
			buildConfigurations = (
				37AA182C1E3FEB7500042656 /* Debug */,
				37AA182D1E3FEB7500042656 /* Release */,
			);
			defaultConfigurationIsVisible = 0;
			defaultConfigurationName = Release;
		};
		37AA182E1E3FEB7500042656 /* Build configuration list for PBXNativeTarget "Project 4" */ = {
			isa = XCConfigurationList;
			buildConfigurations = (
				37AA182F1E3FEB7500042656 /* Debug */,
				37AA18301E3FEB7500042656 /* Release */,
			);
			defaultConfigurationIsVisible = 0;
			defaultConfigurationName = Release;
		};
/* End XCConfigurationList section */
	};
	rootObject = 37AA18141E3FEB7500042656 /* Project object */;
}
